
Microsoft Visual Studio Solution File, Format Version 12.00
# Visual Studio Version 17
VisualStudioVersion = 17.9.34701.34
MinimumVisualStudioVersion = 10.0.40219.1
Project("{9A19103F-16F7-4668-BE54-9A1E7A4F7556}") = "StreamLib", "StreamLib\StreamLib.csproj", "{7024118F-5903-4078-B28F-75BB1D6AABA0}"
EndProject
Project("{9A19103F-16F7-4668-BE54-9A1E7A4F7556}") = "StreamLib.Tests", "StreamLibTests\StreamLib.Tests.csproj", "{402AE459-6DF3-40D3-9B33-22BB1C0A7E72}"
EndProject
Global
	GlobalSection(SolutionConfigurationPlatforms) = preSolution
		Debug|Any CPU = Debug|Any CPU
		Debug|x64 = Debug|x64
		Debug|x86 = Debug|x86
		Release|Any CPU = Release|Any CPU
		Release|x64 = Release|x64
		Release|x86 = Release|x86
	EndGlobalSection
	GlobalSection(ProjectConfigurationPlatforms) = postSolution
		{7024118F-5903-4078-B28F-75BB1D6AABA0}.Debug|Any CPU.ActiveCfg = Debug|Any CPU
		{7024118F-5903-4078-B28F-75BB1D6AABA0}.Debug|Any CPU.Build.0 = Debug|Any CPU
		{7024118F-5903-4078-B28F-75BB1D6AABA0}.Debug|x64.ActiveCfg = Debug|Any CPU
		{7024118F-5903-4078-B28F-75BB1D6AABA0}.Debug|x64.Build.0 = Debug|Any CPU
		{7024118F-5903-4078-B28F-75BB1D6AABA0}.Debug|x86.ActiveCfg = Debug|Any CPU
		{7024118F-5903-4078-B28F-75BB1D6AABA0}.Debug|x86.Build.0 = Debug|Any CPU
		{7024118F-5903-4078-B28F-75BB1D6AABA0}.Release|Any CPU.ActiveCfg = Release|Any CPU
		{7024118F-5903-4078-B28F-75BB1D6AABA0}.Release|Any CPU.Build.0 = Release|Any CPU
		{7024118F-5903-4078-B28F-75BB1D6AABA0}.Release|x64.ActiveCfg = Release|Any CPU
		{7024118F-5903-4078-B28F-75BB1D6AABA0}.Release|x64.Build.0 = Release|Any CPU
		{7024118F-5903-4078-B28F-75BB1D6AABA0}.Release|x86.ActiveCfg = Release|Any CPU
		{7024118F-5903-4078-B28F-75BB1D6AABA0}.Release|x86.Build.0 = Release|Any CPU
		{402AE459-6DF3-40D3-9B33-22BB1C0A7E72}.Debug|Any CPU.ActiveCfg = Debug|Any CPU
		{402AE459-6DF3-40D3-9B33-22BB1C0A7E72}.Debug|Any CPU.Build.0 = Debug|Any CPU
		{402AE459-6DF3-40D3-9B33-22BB1C0A7E72}.Debug|x64.ActiveCfg = Debug|Any CPU
		{402AE459-6DF3-40D3-9B33-22BB1C0A7E72}.Debug|x64.Build.0 = Debug|Any CPU
		{402AE459-6DF3-40D3-9B33-22BB1C0A7E72}.Debug|x86.ActiveCfg = Debug|Any CPU
		{402AE459-6DF3-40D3-9B33-22BB1C0A7E72}.Debug|x86.Build.0 = Debug|Any CPU
		{402AE459-6DF3-40D3-9B33-22BB1C0A7E72}.Release|Any CPU.ActiveCfg = Release|Any CPU
		{402AE459-6DF3-40D3-9B33-22BB1C0A7E72}.Release|Any CPU.Build.0 = Release|Any CPU
		{402AE459-6DF3-40D3-9B33-22BB1C0A7E72}.Release|x64.ActiveCfg = Release|Any CPU
		{402AE459-6DF3-40D3-9B33-22BB1C0A7E72}.Release|x64.Build.0 = Release|Any CPU
		{402AE459-6DF3-40D3-9B33-22BB1C0A7E72}.Release|x86.ActiveCfg = Release|Any CPU
		{402AE459-6DF3-40D3-9B33-22BB1C0A7E72}.Release|x86.Build.0 = Release|Any CPU
	EndGlobalSection
	GlobalSection(SolutionProperties) = preSolution
		HideSolutionNode = FALSE
	EndGlobalSection
	GlobalSection(ExtensibilityGlobals) = postSolution
		SolutionGuid = {4A58CD5C-BB91-487D-B3D0-19D076D260B3}
	EndGlobalSection
EndGlobal
